
Microsoft Visual Studio Solution File, Format Version 12.00
# Visual Studio Version 16
VisualStudioVersion = 16.0.30225.117
MinimumVisualStudioVersion = 10.0.40219.1
Project("{2150E333-8FDC-42A3-9474-1A3956D46DE8}") = "1 - Services", "1 - Services", "{831F7959-66DD-4F3D-8D4F-E8A4E9B8CB15}"
EndProject
Project("{2150E333-8FDC-42A3-9474-1A3956D46DE8}") = "2 - Application", "2 - Application", "{BF276C0E-AA7C-41B0-A597-43C8B4E4923B}"
EndProject
Project("{2150E333-8FDC-42A3-9474-1A3956D46DE8}") = "3 - Domain", "3 - Domain", "{A149EF43-B405-49E0-9BF9-197C6471FC28}"
EndProject
Project("{2150E333-8FDC-42A3-9474-1A3956D46DE8}") = "4 - Infra", "4 - Infra", "{518B88E8-2623-4B8D-96D4-04318D7B7845}"
EndProject
Project("{FAE04EC0-301F-11D3-BF4B-00C04F79EFBC}") = "ProjectDDD.API", "ProjectDDD.API\ProjectDDD.API.csproj", "{077ACA7E-E0ED-4D60-81E1-1902C9371036}"
EndProject
Project("{FAE04EC0-301F-11D3-BF4B-00C04F79EFBC}") = "ProjectDDD.Application", "ProjectDDD.Application\ProjectDDD.Application.csproj", "{D1BFEE00-6AAA-4CC1-BF33-5180BC91D7DE}"
EndProject
Project("{FAE04EC0-301F-11D3-BF4B-00C04F79EFBC}") = "ProjectDDD.Domain", "ProjectDDD.Domain\ProjectDDD.Domain.csproj", "{803E43B6-DD7A-409E-AC3F-E2B1FB509A9E}"
EndProject
Project("{FAE04EC0-301F-11D3-BF4B-00C04F79EFBC}") = "ProjectDDD.Domain.Core", "ProjectDDD.Domain.Core\ProjectDDD.Domain.Core.csproj", "{3F554AEF-1D2A-495E-A2BC-CC44E63F1E5A}"
EndProject
Project("{FAE04EC0-301F-11D3-BF4B-00C04F79EFBC}") = "ProjectDDD.Domain.Services", "ProjectDDD.Domain.Services\ProjectDDD.Domain.Services.csproj", "{A1A4AC4C-5F5A-40F7-989B-FCB19532CA23}"
EndProject
Project("{FAE04EC0-301F-11D3-BF4B-00C04F79EFBC}") = "ProjectDDD.Infra", "ProjectDDD.Infra\ProjectDDD.Infra.csproj", "{8671E0EF-067C-4608-B1B7-D635F0CE9245}"
EndProject
Global
	GlobalSection(SolutionConfigurationPlatforms) = preSolution
		Debug|Any CPU = Debug|Any CPU
		Release|Any CPU = Release|Any CPU
	EndGlobalSection
	GlobalSection(ProjectConfigurationPlatforms) = postSolution
		{077ACA7E-E0ED-4D60-81E1-1902C9371036}.Debug|Any CPU.ActiveCfg = Debug|Any CPU
		{077ACA7E-E0ED-4D60-81E1-1902C9371036}.Debug|Any CPU.Build.0 = Debug|Any CPU
		{077ACA7E-E0ED-4D60-81E1-1902C9371036}.Release|Any CPU.ActiveCfg = Release|Any CPU
		{077ACA7E-E0ED-4D60-81E1-1902C9371036}.Release|Any CPU.Build.0 = Release|Any CPU
		{D1BFEE00-6AAA-4CC1-BF33-5180BC91D7DE}.Debug|Any CPU.ActiveCfg = Debug|Any CPU
		{D1BFEE00-6AAA-4CC1-BF33-5180BC91D7DE}.Debug|Any CPU.Build.0 = Debug|Any CPU
		{D1BFEE00-6AAA-4CC1-BF33-5180BC91D7DE}.Release|Any CPU.ActiveCfg = Release|Any CPU
		{D1BFEE00-6AAA-4CC1-BF33-5180BC91D7DE}.Release|Any CPU.Build.0 = Release|Any CPU
		{803E43B6-DD7A-409E-AC3F-E2B1FB509A9E}.Debug|Any CPU.ActiveCfg = Debug|Any CPU
		{803E43B6-DD7A-409E-AC3F-E2B1FB509A9E}.Debug|Any CPU.Build.0 = Debug|Any CPU
		{803E43B6-DD7A-409E-AC3F-E2B1FB509A9E}.Release|Any CPU.ActiveCfg = Release|Any CPU
		{803E43B6-DD7A-409E-AC3F-E2B1FB509A9E}.Release|Any CPU.Build.0 = Release|Any CPU
		{3F554AEF-1D2A-495E-A2BC-CC44E63F1E5A}.Debug|Any CPU.ActiveCfg = Debug|Any CPU
		{3F554AEF-1D2A-495E-A2BC-CC44E63F1E5A}.Debug|Any CPU.Build.0 = Debug|Any CPU
		{3F554AEF-1D2A-495E-A2BC-CC44E63F1E5A}.Release|Any CPU.ActiveCfg = Release|Any CPU
		{3F554AEF-1D2A-495E-A2BC-CC44E63F1E5A}.Release|Any CPU.Build.0 = Release|Any CPU
		{A1A4AC4C-5F5A-40F7-989B-FCB19532CA23}.Debug|Any CPU.ActiveCfg = Debug|Any CPU
		{A1A4AC4C-5F5A-40F7-989B-FCB19532CA23}.Debug|Any CPU.Build.0 = Debug|Any CPU
		{A1A4AC4C-5F5A-40F7-989B-FCB19532CA23}.Release|Any CPU.ActiveCfg = Release|Any CPU
		{A1A4AC4C-5F5A-40F7-989B-FCB19532CA23}.Release|Any CPU.Build.0 = Release|Any CPU
		{8671E0EF-067C-4608-B1B7-D635F0CE9245}.Debug|Any CPU.ActiveCfg = Debug|Any CPU
		{8671E0EF-067C-4608-B1B7-D635F0CE9245}.Debug|Any CPU.Build.0 = Debug|Any CPU
		{8671E0EF-067C-4608-B1B7-D635F0CE9245}.Release|Any CPU.ActiveCfg = Release|Any CPU
		{8671E0EF-067C-4608-B1B7-D635F0CE9245}.Release|Any CPU.Build.0 = Release|Any CPU
	EndGlobalSection
	GlobalSection(SolutionProperties) = preSolution
		HideSolutionNode = FALSE
	EndGlobalSection
	GlobalSection(NestedProjects) = preSolution
		{077ACA7E-E0ED-4D60-81E1-1902C9371036} = {831F7959-66DD-4F3D-8D4F-E8A4E9B8CB15}
		{D1BFEE00-6AAA-4CC1-BF33-5180BC91D7DE} = {BF276C0E-AA7C-41B0-A597-43C8B4E4923B}
		{803E43B6-DD7A-409E-AC3F-E2B1FB509A9E} = {A149EF43-B405-49E0-9BF9-197C6471FC28}
		{3F554AEF-1D2A-495E-A2BC-CC44E63F1E5A} = {A149EF43-B405-49E0-9BF9-197C6471FC28}
		{A1A4AC4C-5F5A-40F7-989B-FCB19532CA23} = {A149EF43-B405-49E0-9BF9-197C6471FC28}
		{8671E0EF-067C-4608-B1B7-D635F0CE9245} = {518B88E8-2623-4B8D-96D4-04318D7B7845}
	EndGlobalSection
	GlobalSection(ExtensibilityGlobals) = postSolution
		SolutionGuid = {E22F96A2-720D-4B52-8914-B45C4C877C57}
	EndGlobalSection
EndGlobal
